{
  "name": "ganjatest",
  "version": "1.0.0",
  "lockfileVersion": 2,
  "requires": true,
  "packages": {
    "": {
      "name": "ganjatest",
      "version": "1.0.0",
      "license": "ISC",
      "dependencies": {
        "ganja.js": "^1.0.173"
      },
      "devDependencies": {}
    },
    "node_modules/ganja.js": {
      "version": "1.0.194",
      "resolved": "https://registry.npmjs.org/ganja.js/-/ganja.js-1.0.194.tgz",
      "integrity": "sha512-eAiG35T1npBEZO315lfanUYTcdNZ8qFthAQqmXGb9LtOSBdcJrI8mXpEMjqkT0lB3ImVxEXCW3aY2dea37Ldhg=="
    }
  },
  "dependencies": {
    "ganja.js": {
      "version": "1.0.194",
      "resolved": "https://registry.npmjs.org/ganja.js/-/ganja.js-1.0.194.tgz",
      "integrity": "sha512-eAiG35T1npBEZO315lfanUYTcdNZ8qFthAQqmXGb9LtOSBdcJrI8mXpEMjqkT0lB3ImVxEXCW3aY2dea37Ldhg=="
    }
  }
}
